
Microsoft Visual Studio Solution File, Format Version 12.00
# Visual Studio 15
VisualStudioVersion = 15.0.27703.2042
MinimumVisualStudioVersion = 10.0.40219.1
Project("{FAE04EC0-301F-11D3-BF4B-00C04F79EFBC}") = "Vidly", "Vidly\Vidly.csproj", "{42490A96-8683-458B-BFBF-1ECB8B15AF1B}"
EndProject
Global
	GlobalSection(SolutionConfigurationPlatforms) = preSolution
		Debug|Any CPU = Debug|Any CPU
		Release|Any CPU = Release|Any CPU
		Testing|Any CPU = Testing|Any CPU
	EndGlobalSection
	GlobalSection(ProjectConfigurationPlatforms) = postSolution
		{42490A96-8683-458B-BFBF-1ECB8B15AF1B}.Debug|Any CPU.ActiveCfg = Debug|Any CPU
		{42490A96-8683-458B-BFBF-1ECB8B15AF1B}.Debug|Any CPU.Build.0 = Debug|Any CPU
		{42490A96-8683-458B-BFBF-1ECB8B15AF1B}.Release|Any CPU.ActiveCfg = Release|Any CPU
		{42490A96-8683-458B-BFBF-1ECB8B15AF1B}.Release|Any CPU.Build.0 = Release|Any CPU
		{42490A96-8683-458B-BFBF-1ECB8B15AF1B}.Testing|Any CPU.ActiveCfg = Testing|Any CPU
		{42490A96-8683-458B-BFBF-1ECB8B15AF1B}.Testing|Any CPU.Build.0 = Testing|Any CPU
	EndGlobalSection
	GlobalSection(SolutionProperties) = preSolution
		HideSolutionNode = FALSE
	EndGlobalSection
	GlobalSection(ExtensibilityGlobals) = postSolution
		SolutionGuid = {EAEE0531-1BC5-4FC5-BC35-C87B4BC2FEEB}
	EndGlobalSection
EndGlobal
